// !$*UTF8*$!
{
	archiveVersion = 1;
	classes = {
	};
	objectVersion = 50;
	objects = {

/* Begin PBXBuildFile section */
		4BB2638C2223EAD3008B1308 /* MySecondViewController.swift in Sources */ = {isa = PBXBuildFile; fileRef = 4BB2638B2223EAD3008B1308 /* MySecondViewController.swift */; };
		4BBF99AC221E9EB700C710C5 /* AppDelegate.swift in Sources */ = {isa = PBXBuildFile; fileRef = 4BBF99AB221E9EB700C710C5 /* AppDelegate.swift */; };
		4BBF99AE221E9EB700C710C5 /* ViewController.swift in Sources */ = {isa = PBXBuildFile; fileRef = 4BBF99AD221E9EB700C710C5 /* ViewController.swift */; };
		4BBF99B1221E9EB700C710C5 /* Main.storyboard in Resources */ = {isa = PBXBuildFile; fileRef = 4BBF99AF221E9EB700C710C5 /* Main.storyboard */; };
		4BBF99B3221E9EC000C710C5 /* Assets.xcassets in Resources */ = {isa = PBXBuildFile; fileRef = 4BBF99B2221E9EC000C710C5 /* Assets.xcassets */; };
		4BBF99B6221E9EC000C710C5 /* LaunchScreen.storyboard in Resources */ = {isa = PBXBuildFile; fileRef = 4BBF99B4221E9EC000C710C5 /* LaunchScreen.storyboard */; };
		4BBF99C1221E9EC100C710C5 /* MyCalTests.swift in Sources */ = {isa = PBXBuildFile; fileRef = 4BBF99C0221E9EC100C710C5 /* MyCalTests.swift */; };
		4BBF99CC221E9EC100C710C5 /* MyCalUITests.swift in Sources */ = {isa = PBXBuildFile; fileRef = 4BBF99CB221E9EC100C710C5 /* MyCalUITests.swift */; };
		4BBF99DA221E9F7200C710C5 /* MyMainViewController.swift in Sources */ = {isa = PBXBuildFile; fileRef = 4BBF99D9221E9F7200C710C5 /* MyMainViewController.swift */; };
/* End PBXBuildFile section */

/* Begin PBXContainerItemProxy section */
		4BBF99BD221E9EC100C710C5 /* PBXContainerItemProxy */ = {
			isa = PBXContainerItemProxy;
			containerPortal = 4BBF99A0221E9EB600C710C5 /* Project object */;
			proxyType = 1;
			remoteGlobalIDString = 4BBF99A7221E9EB600C710C5;
			remoteInfo = MyCal;
		};
		4BBF99C8221E9EC100C710C5 /* PBXContainerItemProxy */ = {
			isa = PBXContainerItemProxy;
			containerPortal = 4BBF99A0221E9EB600C710C5 /* Project object */;
			proxyType = 1;
			remoteGlobalIDString = 4BBF99A7221E9EB600C710C5;
			remoteInfo = MyCal;
		};
/* End PBXContainerItemProxy section */

/* Begin PBXFileReference section */
		4BB2638B2223EAD3008B1308 /* MySecondViewController.swift */ = {isa = PBXFileReference; lastKnownFileType = sourcecode.swift; path = MySecondViewController.swift; sourceTree = "<group>"; };
		4BBF99A8221E9EB600C710C5 /* MyCal.app */ = {isa = PBXFileReference; explicitFileType = wrapper.application; includeInIndex = 0; path = MyCal.app; sourceTree = BUILT_PRODUCTS_DIR; };
		4BBF99AB221E9EB700C710C5 /* AppDelegate.swift */ = {isa = PBXFileReference; lastKnownFileType = sourcecode.swift; path = AppDelegate.swift; sourceTree = "<group>"; };
		4BBF99AD221E9EB700C710C5 /* ViewController.swift */ = {isa = PBXFileReference; lastKnownFileType = sourcecode.swift; path = ViewController.swift; sourceTree = "<group>"; };
		4BBF99B0221E9EB700C710C5 /* Base */ = {isa = PBXFileReference; lastKnownFileType = file.storyboard; name = Base; path = Base.lproj/Main.storyboard; sourceTree = "<group>"; };
		4BBF99B2221E9EC000C710C5 /* Assets.xcassets */ = {isa = PBXFileReference; lastKnownFileType = folder.assetcatalog; path = Assets.xcassets; sourceTree = "<group>"; };
		4BBF99B5221E9EC000C710C5 /* Base */ = {isa = PBXFileReference; lastKnownFileType = file.storyboard; name = Base; path = Base.lproj/LaunchScreen.storyboard; sourceTree = "<group>"; };
		4BBF99B7221E9EC000C710C5 /* Info.plist */ = {isa = PBXFileReference; lastKnownFileType = text.plist.xml; path = Info.plist; sourceTree = "<group>"; };
		4BBF99BC221E9EC100C710C5 /* MyCalTests.xctest */ = {isa = PBXFileReference; explicitFileType = wrapper.cfbundle; includeInIndex = 0; path = MyCalTests.xctest; sourceTree = BUILT_PRODUCTS_DIR; };
		4BBF99C0221E9EC100C710C5 /* MyCalTests.swift */ = {isa = PBXFileReference; lastKnownFileType = sourcecode.swift; path = MyCalTests.swift; sourceTree = "<group>"; };
		4BBF99C2221E9EC100C710C5 /* Info.plist */ = {isa = PBXFileReference; lastKnownFileType = text.plist.xml; path = Info.plist; sourceTree = "<group>"; };
		4BBF99C7221E9EC100C710C5 /* MyCalUITests.xctest */ = {isa = PBXFileReference; explicitFileType = wrapper.cfbundle; includeInIndex = 0; path = MyCalUITests.xctest; sourceTree = BUILT_PRODUCTS_DIR; };
		4BBF99CB221E9EC100C710C5 /* MyCalUITests.swift */ = {isa = PBXFileReference; lastKnownFileType = sourcecode.swift; path = MyCalUITests.swift; sourceTree = "<group>"; };
		4BBF99CD221E9EC100C710C5 /* Info.plist */ = {isa = PBXFileReference; lastKnownFileType = text.plist.xml; path = Info.plist; sourceTree = "<group>"; };
		4BBF99D9221E9F7200C710C5 /* MyMainViewController.swift */ = {isa = PBXFileReference; lastKnownFileType = sourcecode.swift; path = MyMainViewController.swift; sourceTree = "<group>"; };
/* End PBXFileReference section */

/* Begin PBXFrameworksBuildPhase section */
		4BBF99A5221E9EB600C710C5 /* Frameworks */ = {
			isa = PBXFrameworksBuildPhase;
			buildActionMask = 2147483647;
			files = (
			);
			runOnlyForDeploymentPostprocessing = 0;
		};
		4BBF99B9221E9EC100C710C5 /* Frameworks */ = {
			isa = PBXFrameworksBuildPhase;
			buildActionMask = 2147483647;
			files = (
			);
			runOnlyForDeploymentPostprocessing = 0;
		};
		4BBF99C4221E9EC100C710C5 /* Frameworks */ = {
			isa = PBXFrameworksBuildPhase;
			buildActionMask = 2147483647;
			files = (
			);
			runOnlyForDeploymentPostprocessing = 0;
		};
/* End PBXFrameworksBuildPhase section */

/* Begin PBXGroup section */
		4BBF999F221E9EB600C710C5 = {
			isa = PBXGroup;
			children = (
				4BBF99AA221E9EB600C710C5 /* MyCal */,
				4BBF99BF221E9EC100C710C5 /* MyCalTests */,
				4BBF99CA221E9EC100C710C5 /* MyCalUITests */,
				4BBF99A9221E9EB600C710C5 /* Products */,
			);
			sourceTree = "<group>";
		};
		4BBF99A9221E9EB600C710C5 /* Products */ = {
			isa = PBXGroup;
			children = (
				4BBF99A8221E9EB600C710C5 /* MyCal.app */,
				4BBF99BC221E9EC100C710C5 /* MyCalTests.xctest */,
				4BBF99C7221E9EC100C710C5 /* MyCalUITests.xctest */,
			);
			name = Products;
			sourceTree = "<group>";
		};
		4BBF99AA221E9EB600C710C5 /* MyCal */ = {
			isa = PBXGroup;
			children = (
				4BBF99AB221E9EB700C710C5 /* AppDelegate.swift */,
				4BBF99AD221E9EB700C710C5 /* ViewController.swift */,
				4BBF99AF221E9EB700C710C5 /* Main.storyboard */,
				4BBF99B2221E9EC000C710C5 /* Assets.xcassets */,
				4BBF99B4221E9EC000C710C5 /* LaunchScreen.storyboard */,
				4BBF99B7221E9EC000C710C5 /* Info.plist */,
				4BBF99D9221E9F7200C710C5 /* MyMainViewController.swift */,
				4BB2638B2223EAD3008B1308 /* MySecondViewController.swift */,
			);
			path = MyCal;
			sourceTree = "<group>";
		};
		4BBF99BF221E9EC100C710C5 /* MyCalTests */ = {
			isa = PBXGroup;
			children = (
				4BBF99C0221E9EC100C710C5 /* MyCalTests.swift */,
				4BBF99C2221E9EC100C710C5 /* Info.plist */,
			);
			path = MyCalTests;
			sourceTree = "<group>";
		};
		4BBF99CA221E9EC100C710C5 /* MyCalUITests */ = {
			isa = PBXGroup;
			children = (
				4BBF99CB221E9EC100C710C5 /* MyCalUITests.swift */,
				4BBF99CD221E9EC100C710C5 /* Info.plist */,
			);
			path = MyCalUITests;
			sourceTree = "<group>";
		};
/* End PBXGroup section */

/* Begin PBXNativeTarget section */
		4BBF99A7221E9EB600C710C5 /* MyCal */ = {
			isa = PBXNativeTarget;
			buildConfigurationList = 4BBF99D0221E9EC100C710C5 /* Build configuration list for PBXNativeTarget "MyCal" */;
			buildPhases = (
				4BBF99A4221E9EB600C710C5 /* Sources */,
				4BBF99A5221E9EB600C710C5 /* Frameworks */,
				4BBF99A6221E9EB600C710C5 /* Resources */,
			);
			buildRules = (
			);
			dependencies = (
			);
			name = MyCal;
			productName = MyCal;
			productReference = 4BBF99A8221E9EB600C710C5 /* MyCal.app */;
			productType = "com.apple.product-type.application";
		};
		4BBF99BB221E9EC100C710C5 /* MyCalTests */ = {
			isa = PBXNativeTarget;
			buildConfigurationList = 4BBF99D3221E9EC100C710C5 /* Build configuration list for PBXNativeTarget "MyCalTests" */;
			buildPhases = (
				4BBF99B8221E9EC100C710C5 /* Sources */,
				4BBF99B9221E9EC100C710C5 /* Frameworks */,
				4BBF99BA221E9EC100C710C5 /* Resources */,
			);
			buildRules = (
			);
			dependencies = (
				4BBF99BE221E9EC100C710C5 /* PBXTargetDependency */,
			);
			name = MyCalTests;
			productName = MyCalTests;
			productReference = 4BBF99BC221E9EC100C710C5 /* MyCalTests.xctest */;
			productType = "com.apple.product-type.bundle.unit-test";
		};
		4BBF99C6221E9EC100C710C5 /* MyCalUITests */ = {
			isa = PBXNativeTarget;
			buildConfigurationList = 4BBF99D6221E9EC100C710C5 /* Build configuration list for PBXNativeTarget "MyCalUITests" */;
			buildPhases = (
				4BBF99C3221E9EC100C710C5 /* Sources */,
				4BBF99C4221E9EC100C710C5 /* Frameworks */,
				4BBF99C5221E9EC100C710C5 /* Resources */,
			);
			buildRules = (
			);
			dependencies = (
				4BBF99C9221E9EC100C710C5 /* PBXTargetDependency */,
			);
			name = MyCalUITests;
			productName = MyCalUITests;
			productReference = 4BBF99C7221E9EC100C710C5 /* MyCalUITests.xctest */;
			productType = "com.apple.product-type.bundle.ui-testing";
		};
/* End PBXNativeTarget section */

/* Begin PBXProject section */
		4BBF99A0221E9EB600C710C5 /* Project object */ = {
			isa = PBXProject;
			attributes = {
				LastSwiftUpdateCheck = 1010;
				LastUpgradeCheck = 1010;
				ORGANIZATIONNAME = USER;
				TargetAttributes = {
					4BBF99A7221E9EB600C710C5 = {
						CreatedOnToolsVersion = 10.1;
					};
					4BBF99BB221E9EC100C710C5 = {
						CreatedOnToolsVersion = 10.1;
						TestTargetID = 4BBF99A7221E9EB600C710C5;
					};
					4BBF99C6221E9EC100C710C5 = {
						CreatedOnToolsVersion = 10.1;
						TestTargetID = 4BBF99A7221E9EB600C710C5;
					};
				};
			};
			buildConfigurationList = 4BBF99A3221E9EB600C710C5 /* Build configuration list for PBXProject "MyCal" */;
			compatibilityVersion = "Xcode 9.3";
			developmentRegion = en;
			hasScannedForEncodings = 0;
			knownRegions = (
				en,
				Base,
			);
			mainGroup = 4BBF999F221E9EB600C710C5;
			productRefGroup = 4BBF99A9221E9EB600C710C5 /* Products */;
			projectDirPath = "";
			projectRoot = "";
			targets = (
				4BBF99A7221E9EB600C710C5 /* MyCal */,
				4BBF99BB221E9EC100C710C5 /* MyCalTests */,
				4BBF99C6221E9EC100C710C5 /* MyCalUITests */,
			);
		};
/* End PBXProject section */

/* Begin PBXResourcesBuildPhase section */
		4BBF99A6221E9EB600C710C5 /* Resources */ = {
			isa = PBXResourcesBuildPhase;
			buildActionMask = 2147483647;
			files = (
				4BBF99B6221E9EC000C710C5 /* LaunchScreen.storyboard in Resources */,
				4BBF99B3221E9EC000C710C5 /* Assets.xcassets in Resources */,
				4BBF99B1221E9EB700C710C5 /* Main.storyboard in Resources */,
			);
			runOnlyForDeploymentPostprocessing = 0;
		};
		4BBF99BA221E9EC100C710C5 /* Resources */ = {
			isa = PBXResourcesBuildPhase;
			buildActionMask = 2147483647;
			files = (
			);
			runOnlyForDeploymentPostprocessing = 0;
		};
		4BBF99C5221E9EC100C710C5 /* Resources */ = {
			isa = PBXResourcesBuildPhase;
			buildActionMask = 2147483647;
			files = (
			);
			runOnlyForDeploymentPostprocessing = 0;
		};
/* End PBXResourcesBuildPhase section */

/* Begin PBXSourcesBuildPhase section */
		4BBF99A4221E9EB600C710C5 /* Sources */ = {
			isa = PBXSourcesBuildPhase;
			buildActionMask = 2147483647;
			files = (
				4BB2638C2223EAD3008B1308 /* MySecondViewController.swift in Sources */,
				4BBF99AE221E9EB700C710C5 /* ViewController.swift in Sources */,
				4BBF99DA221E9F7200C710C5 /* MyMainViewController.swift in Sources */,
				4BBF99AC221E9EB700C710C5 /* AppDelegate.swift in Sources */,
			);
			runOnlyForDeploymentPostprocessing = 0;
		};
		4BBF99B8221E9EC100C710C5 /* Sources */ = {
			isa = PBXSourcesBuildPhase;
			buildActionMask = 2147483647;
			files = (
				4BBF99C1221E9EC100C710C5 /* MyCalTests.swift in Sources */,
			);
			runOnlyForDeploymentPostprocessing = 0;
		};
		4BBF99C3221E9EC100C710C5 /* Sources */ = {
			isa = PBXSourcesBuildPhase;
			buildActionMask = 2147483647;
			files = (
				4BBF99CC221E9EC100C710C5 /* MyCalUITests.swift in Sources */,
			);
			runOnlyForDeploymentPostprocessing = 0;
		};
/* End PBXSourcesBuildPhase section */

/* Begin PBXTargetDependency section */
		4BBF99BE221E9EC100C710C5 /* PBXTargetDependency */ = {
			isa = PBXTargetDependency;
			target = 4BBF99A7221E9EB600C710C5 /* MyCal */;
			targetProxy = 4BBF99BD221E9EC100C710C5 /* PBXContainerItemProxy */;
		};
		4BBF99C9221E9EC100C710C5 /* PBXTargetDependency */ = {
			isa = PBXTargetDependency;
			target = 4BBF99A7221E9EB600C710C5 /* MyCal */;
			targetProxy = 4BBF99C8221E9EC100C710C5 /* PBXContainerItemProxy */;
		};
/* End PBXTargetDependency section */

/* Begin PBXVariantGroup section */
		4BBF99AF221E9EB700C710C5 /* Main.storyboard */ = {
			isa = PBXVariantGroup;
			children = (
				4BBF99B0221E9EB700C710C5 /* Base */,
			);
			name = Main.storyboard;
			sourceTree = "<group>";
		};
		4BBF99B4221E9EC000C710C5 /* LaunchScreen.storyboard */ = {
			isa = PBXVariantGroup;
			children = (
				4BBF99B5221E9EC000C710C5 /* Base */,
			);
			name = LaunchScreen.storyboard;
			sourceTree = "<group>";
		};
/* End PBXVariantGroup section */

/* Begin XCBuildConfiguration section */
		4BBF99CE221E9EC100C710C5 /* Debug */ = {
			isa = XCBuildConfiguration;
			buildSettings = {
				ALWAYS_SEARCH_USER_PATHS = NO;
				CLANG_ANALYZER_NONNULL = YES;
				CLANG_ANALYZER_NUMBER_OBJECT_CONVERSION = YES_AGGRESSIVE;
				CLANG_CXX_LANGUAGE_STANDARD = "gnu++14";
				CLANG_CXX_LIBRARY = "libc++";
				CLANG_ENABLE_MODULES = YES;
				CLANG_ENABLE_OBJC_ARC = YES;
				CLANG_ENABLE_OBJC_WEAK = YES;
				CLANG_WARN_BLOCK_CAPTURE_AUTORELEASING = YES;
				CLANG_WARN_BOOL_CONVERSION = YES;
				CLANG_WARN_COMMA = YES;
				CLANG_WARN_CONSTANT_CONVERSION = YES;
				CLANG_WARN_DEPRECATED_OBJC_IMPLEMENTATIONS = YES;
				CLANG_WARN_DIRECT_OBJC_ISA_USAGE = YES_ERROR;
				CLANG_WARN_DOCUMENTATION_COMMENTS = YES;
				CLANG_WARN_EMPTY_BODY = YES;
				CLANG_WARN_ENUM_CONVERSION = YES;
				CLANG_WARN_INFINITE_RECURSION = YES;
				CLANG_WARN_INT_CONVERSION = YES;
				CLANG_WARN_NON_LITERAL_NULL_CONVERSION = YES;
				CLANG_WARN_OBJC_IMPLICIT_RETAIN_SELF = YES;
				CLANG_WARN_OBJC_LITERAL_CONVERSION = YES;
				CLANG_WARN_OBJC_ROOT_CLASS = YES_ERROR;
				CLANG_WARN_RANGE_LOOP_ANALYSIS = YES;
				CLANG_WARN_STRICT_PROTOTYPES = YES;
				CLANG_WARN_SUSPICIOUS_MOVE = YES;
				CLANG_WARN_UNGUARDED_AVAILABILITY = YES_AGGRESSIVE;
				CLANG_WARN_UNREACHABLE_CODE = YES;
				CLANG_WARN__DUPLICATE_METHOD_MATCH = YES;
				CODE_SIGN_IDENTITY = "iPhone Developer";
				COPY_PHASE_STRIP = NO;
				DEBUG_INFORMATION_FORMAT = dwarf;
				ENABLE_STRICT_OBJC_MSGSEND = YES;
				ENABLE_TESTABILITY = YES;
				GCC_C_LANGUAGE_STANDARD = gnu11;
				GCC_DYNAMIC_NO_PIC = NO;
				GCC_NO_COMMON_BLOCKS = YES;
				GCC_OPTIMIZATION_LEVEL = 0;
				GCC_PREPROCESSOR_DEFINITIONS = (
					"DEBUG=1",
					"$(inherited)",
				);
				GCC_WARN_64_TO_32_BIT_CONVERSION = YES;
				GCC_WARN_ABOUT_RETURN_TYPE = YES_ERROR;
				GCC_WARN_UNDECLARED_SELECTOR = YES;
				GCC_WARN_UNINITIALIZED_AUTOS = YES_AGGRESSIVE;
				GCC_WARN_UNUSED_FUNCTION = YES;
				GCC_WARN_UNUSED_VARIABLE = YES;
				IPHONEOS_DEPLOYMENT_TARGET = 12.1;
				MTL_ENABLE_DEBUG_INFO = INCLUDE_SOURCE;
				MTL_FAST_MATH = YES;
				ONLY_ACTIVE_ARCH = YES;
				SDKROOT = iphoneos;
				SWIFT_ACTIVE_COMPILATION_CONDITIONS = DEBUG;
				SWIFT_OPTIMIZATION_LEVEL = "-Onone";
			};
			name = Debug;
		};
		4BBF99CF221E9EC100C710C5 /* Release */ = {
			isa = XCBuildConfiguration;
			buildSettings = {
				ALWAYS_SEARCH_USER_PATHS = NO;
				CLANG_ANALYZER_NONNULL = YES;
				CLANG_ANALYZER_NUMBER_OBJECT_CONVERSION = YES_AGGRESSIVE;
				CLANG_CXX_LANGUAGE_STANDARD = "gnu++14";
				CLANG_CXX_LIBRARY = "libc++";
				CLANG_ENABLE_MODULES = YES;
				CLANG_ENABLE_OBJC_ARC = YES;
				CLANG_ENABLE_OBJC_WEAK = YES;
				CLANG_WARN_BLOCK_CAPTURE_AUTORELEASING = YES;
				CLANG_WARN_BOOL_CONVERSION = YES;
				CLANG_WARN_COMMA = YES;
				CLANG_WARN_CONSTANT_CONVERSION = YES;
				CLANG_WARN_DEPRECATED_OBJC_IMPLEMENTATIONS = YES;
				CLANG_WARN_DIRECT_OBJC_ISA_USAGE = YES_ERROR;
				CLANG_WARN_DOCUMENTATION_COMMENTS = YES;
				CLANG_WARN_EMPTY_BODY = YES;
				CLANG_WARN_ENUM_CONVERSION = YES;
				CLANG_WARN_INFINITE_RECURSION = YES;
				CLANG_WARN_INT_CONVERSION = YES;
				CLANG_WARN_NON_LITERAL_NULL_CONVERSION = YES;
				CLANG_WARN_OBJC_IMPLICIT_RETAIN_SELF = YES;
				CLANG_WARN_OBJC_LITERAL_CONVERSION = YES;
				CLANG_WARN_OBJC_ROOT_CLASS = YES_ERROR;
				CLANG_WARN_RANGE_LOOP_ANALYSIS = YES;
				CLANG_WARN_STRICT_PROTOTYPES = YES;
				CLANG_WARN_SUSPICIOUS_MOVE = YES;
				CLANG_WARN_UNGUARDED_AVAILABILITY = YES_AGGRESSIVE;
				CLANG_WARN_UNREACHABLE_CODE = YES;
				CLANG_WARN__DUPLICATE_METHOD_MATCH = YES;
				CODE_SIGN_IDENTITY = "iPhone Developer";
				COPY_PHASE_STRIP = NO;
				DEBUG_INFORMATION_FORMAT = "dwarf-with-dsym";
				ENABLE_NS_ASSERTIONS = NO;
				ENABLE_STRICT_OBJC_MSGSEND = YES;
				GCC_C_LANGUAGE_STANDARD = gnu11;
				GCC_NO_COMMON_BLOCKS = YES;
				GCC_WARN_64_TO_32_BIT_CONVERSION = YES;
				GCC_WARN_ABOUT_RETURN_TYPE = YES_ERROR;
				GCC_WARN_UNDECLARED_SELECTOR = YES;
				GCC_WARN_UNINITIALIZED_AUTOS = YES_AGGRESSIVE;
				GCC_WARN_UNUSED_FUNCTION = YES;
				GCC_WARN_UNUSED_VARIABLE = YES;
				IPHONEOS_DEPLOYMENT_TARGET = 12.1;
				MTL_ENABLE_DEBUG_INFO = NO;
				MTL_FAST_MATH = YES;
				SDKROOT = iphoneos;
				SWIFT_COMPILATION_MODE = wholemodule;
				SWIFT_OPTIMIZATION_LEVEL = "-O";
				VALIDATE_PRODUCT = YES;
			};
			name = Release;
		};
		4BBF99D1221E9EC100C710C5 /* Debug */ = {
			isa = XCBuildConfiguration;
			buildSettings = {
				ASSETCATALOG_COMPILER_APPICON_NAME = AppIcon;
				CODE_SIGN_STYLE = Automatic;
				INFOPLIST_FILE = MyCal/Info.plist;
				LD_RUNPATH_SEARCH_PATHS = (
					"$(inherited)",
					"@executable_path/Frameworks",
				);
				PRODUCT_BUNDLE_IDENTIFIER = com.sanjeewa.MyCal;
				PRODUCT_NAME = "$(TARGET_NAME)";
				SWIFT_VERSION = 4.2;
				TARGETED_DEVICE_FAMILY = "1,2";
			};
			name = Debug;
		};
		4BBF99D2221E9EC100C710C5 /* Release */ = {
			isa = XCBuildConfiguration;
			buildSettings = {
				ASSETCATALOG_COMPILER_APPICON_NAME = AppIcon;
				CODE_SIGN_STYLE = Automatic;
				INFOPLIST_FILE = MyCal/Info.plist;
				LD_RUNPATH_SEARCH_PATHS = (
					"$(inherited)",
					"@executable_path/Frameworks",
				);
				PRODUCT_BUNDLE_IDENTIFIER = com.sanjeewa.MyCal;
				PRODUCT_NAME = "$(TARGET_NAME)";
				SWIFT_VERSION = 4.2;
				TARGETED_DEVICE_FAMILY = "1,2";
			};
			name = Release;
		};
		4BBF99D4221E9EC100C710C5 /* Debug */ = {
			isa = XCBuildConfiguration;
			buildSettings = {
				ALWAYS_EMBED_SWIFT_STANDARD_LIBRARIES = YES;
				BUNDLE_LOADER = "$(TEST_HOST)";
				CODE_SIGN_STYLE = Automatic;
				INFOPLIST_FILE = MyCalTests/Info.plist;
				LD_RUNPATH_SEARCH_PATHS = (
					"$(inherited)",
					"@executable_path/Frameworks",
					"@loader_path/Frameworks",
				);
				PRODUCT_BUNDLE_IDENTIFIER = com.sanjeewa.MyCalTests;
				PRODUCT_NAME = "$(TARGET_NAME)";
				SWIFT_VERSION = 4.2;
				TARGETED_DEVICE_FAMILY = "1,2";
				TEST_HOST = "$(BUILT_PRODUCTS_DIR)/MyCal.app/MyCal";
			};
			name = Debug;
		};
		4BBF99D5221E9EC100C710C5 /* Release */ = {
			isa = XCBuildConfiguration;
			buildSettings = {
				ALWAYS_EMBED_SWIFT_STANDARD_LIBRARIES = YES;
				BUNDLE_LOADER = "$(TEST_HOST)";
				CODE_SIGN_STYLE = Automatic;
				INFOPLIST_FILE = MyCalTests/Info.plist;
				LD_RUNPATH_SEARCH_PATHS = (
					"$(inherited)",
					"@executable_path/Frameworks",
					"@loader_path/Frameworks",
				);
				PRODUCT_BUNDLE_IDENTIFIER = com.sanjeewa.MyCalTests;
				PRODUCT_NAME = "$(TARGET_NAME)";
				SWIFT_VERSION = 4.2;
				TARGETED_DEVICE_FAMILY = "1,2";
				TEST_HOST = "$(BUILT_PRODUCTS_DIR)/MyCal.app/MyCal";
			};
			name = Release;
		};
		4BBF99D7221E9EC100C710C5 /* Debug */ = {
			isa = XCBuildConfiguration;
			buildSettings = {
				ALWAYS_EMBED_SWIFT_STANDARD_LIBRARIES = YES;
				CODE_SIGN_STYLE = Automatic;
				INFOPLIST_FILE = MyCalUITests/Info.plist;
				LD_RUNPATH_SEARCH_PATHS = (
					"$(inherited)",
					"@executable_path/Frameworks",
					"@loader_path/Frameworks",
				);
				PRODUCT_BUNDLE_IDENTIFIER = com.sanjeewa.MyCalUITests;
				PRODUCT_NAME = "$(TARGET_NAME)";
				SWIFT_VERSION = 4.2;
				TARGETED_DEVICE_FAMILY = "1,2";
				TEST_TARGET_NAME = MyCal;
			};
			name = Debug;
		};
		4BBF99D8221E9EC100C710C5 /* Release */ = {
			isa = XCBuildConfiguration;
			buildSettings = {
				ALWAYS_EMBED_SWIFT_STANDARD_LIBRARIES = YES;
				CODE_SIGN_STYLE = Automatic;
				INFOPLIST_FILE = MyCalUITests/Info.plist;
				LD_RUNPATH_SEARCH_PATHS = (
					"$(inherited)",
					"@executable_path/Frameworks",
					"@loader_path/Frameworks",
				);
				PRODUCT_BUNDLE_IDENTIFIER = com.sanjeewa.MyCalUITests;
				PRODUCT_NAME = "$(TARGET_NAME)";
				SWIFT_VERSION = 4.2;
				TARGETED_DEVICE_FAMILY = "1,2";
				TEST_TARGET_NAME = MyCal;
			};
			name = Release;
		};
/* End XCBuildConfiguration section */

/* Begin XCConfigurationList section */
		4BBF99A3221E9EB600C710C5 /* Build configuration list for PBXProject "MyCal" */ = {
			isa = XCConfigurationList;
			buildConfigurations = (
				4BBF99CE221E9EC100C710C5 /* Debug */,
				4BBF99CF221E9EC100C710C5 /* Release */,
			);
			defaultConfigurationIsVisible = 0;
			defaultConfigurationName = Release;
		};
		4BBF99D0221E9EC100C710C5 /* Build configuration list for PBXNativeTarget "MyCal" */ = {
			isa = XCConfigurationList;
			buildConfigurations = (
				4BBF99D1221E9EC100C710C5 /* Debug */,
				4BBF99D2221E9EC100C710C5 /* Release */,
			);
			defaultConfigurationIsVisible = 0;
			defaultConfigurationName = Release;
		};
		4BBF99D3221E9EC100C710C5 /* Build configuration list for PBXNativeTarget "MyCalTests" */ = {
			isa = XCConfigurationList;
			buildConfigurations = (
				4BBF99D4221E9EC100C710C5 /* Debug */,
				4BBF99D5221E9EC100C710C5 /* Release */,
			);
			defaultConfigurationIsVisible = 0;
			defaultConfigurationName = Release;
		};
		4BBF99D6221E9EC100C710C5 /* Build configuration list for PBXNativeTarget "MyCalUITests" */ = {
			isa = XCConfigurationList;
			buildConfigurations = (
				4BBF99D7221E9EC100C710C5 /* Debug */,
				4BBF99D8221E9EC100C710C5 /* Release */,
			);
			defaultConfigurationIsVisible = 0;
			defaultConfigurationName = Release;
		};
/* End XCConfigurationList section */
	};
	rootObject = 4BBF99A0221E9EB600C710C5 /* Project object */;
}
